
Microsoft Visual Studio Solution File, Format Version 12.00
# Visual Studio Version 17
VisualStudioVersion = 17.2.32505.173
MinimumVisualStudioVersion = 10.0.40219.1
Project("{FAE04EC0-301F-11D3-BF4B-00C04F79EFBC}") = "UKAGScraper", "UKAGScraper\UKAGScraper.csproj", "{388E39DD-7A2B-43E8-B9A2-4059FA02B905}"
EndProject
Global
	GlobalSection(SolutionConfigurationPlatforms) = preSolution
		Debug|Any CPU = Debug|Any CPU
		Release|Any CPU = Release|Any CPU
	EndGlobalSection
	GlobalSection(ProjectConfigurationPlatforms) = postSolution
		{388E39DD-7A2B-43E8-B9A2-4059FA02B905}.Debug|Any CPU.ActiveCfg = Debug|Any CPU
		{388E39DD-7A2B-43E8-B9A2-4059FA02B905}.Debug|Any CPU.Build.0 = Debug|Any CPU
		{388E39DD-7A2B-43E8-B9A2-4059FA02B905}.Release|Any CPU.ActiveCfg = Release|Any CPU
		{388E39DD-7A2B-43E8-B9A2-4059FA02B905}.Release|Any CPU.Build.0 = Release|Any CPU
	EndGlobalSection
	GlobalSection(SolutionProperties) = preSolution
		HideSolutionNode = FALSE
	EndGlobalSection
	GlobalSection(ExtensibilityGlobals) = postSolution
		SolutionGuid = {F750ABBC-4994-4AB1-A016-3409CCB81160}
	EndGlobalSection
EndGlobal
